PODS:
  - Alamofire (5.11.2)
  - MBProgressHUD (1.2.0)
  - XSNetwork (0.3.2):
    - Alamofire (~> 5.0)
    - MBProgressHUD (~> 1.2.0)

DEPENDENCIES:
  - XSNetwork (from `../`)

SPEC REPOS:
  trunk:
    - Alamofire
    - MBProgressHUD

EXTERNAL SOURCES:
  XSNetwork:
    :path: "../"

SPEC CHECKSUMS:
  Alamofire: 400275dd1c6d87d95a041861d2a59da4b520a203
  MBProgressHUD: 3ee5efcc380f6a79a7cc9b363dd669c5e1ae7406
  XSNetwork: 6ca232fcd84abc64c5b649b5465b60ee482dd87c

PODFILE CHECKSUM: 792643826c70802501cff767a0cba67e3c35fd9c

COCOAPODS: 1.16.2
