PODS:
  - Alamofire (5.11.2)
  - XSNetwork (1.0.6):
    - Alamofire (~> 5.11)

DEPENDENCIES:
  - XSNetwork (from `../`)

SPEC REPOS:
  trunk:
    - Alamofire

EXTERNAL SOURCES:
  XSNetwork:
    :path: "../"

SPEC CHECKSUMS:
  Alamofire: 400275dd1c6d87d95a041861d2a59da4b520a203
  XSNetwork: c51450df93f1b893e082c53fe8a925aec3ea894f

PODFILE CHECKSUM: a50d5ee3b20dda6ecd6c9cb87df69d4e87f12fb0

COCOAPODS: 1.16.2
